
Microsoft Visual Studio Solution File, Format Version 12.00
# Visual Studio Version 16
VisualStudioVersion = 16.0.30204.135
MinimumVisualStudioVersion = 10.0.40219.1
Project("{FAE04EC0-301F-11D3-BF4B-00C04F79EFBC}") = "MockServer", "MockServer\MockServer.csproj", "{081CD69F-8513-49EE-B5B9-2D18231612A8}"
EndProject
Global
	GlobalSection(SolutionConfigurationPlatforms) = preSolution
		Debug|Any CPU = Debug|Any CPU
		Release|Any CPU = Release|Any CPU
	EndGlobalSection
	GlobalSection(ProjectConfigurationPlatforms) = postSolution
		{081CD69F-8513-49EE-B5B9-2D18231612A8}.Debug|Any CPU.ActiveCfg = Debug|Any CPU
		{081CD69F-8513-49EE-B5B9-2D18231612A8}.Debug|Any CPU.Build.0 = Debug|Any CPU
		{081CD69F-8513-49EE-B5B9-2D18231612A8}.Release|Any CPU.ActiveCfg = Release|Any CPU
		{081CD69F-8513-49EE-B5B9-2D18231612A8}.Release|Any CPU.Build.0 = Release|Any CPU
	EndGlobalSection
	GlobalSection(SolutionProperties) = preSolution
		HideSolutionNode = FALSE
	EndGlobalSection
	GlobalSection(ExtensibilityGlobals) = postSolution
		SolutionGuid = {BD582776-63C1-4FE3-9FAD-066767EA429D}
	EndGlobalSection
EndGlobal
